
Microsoft Visual Studio Solution File, Format Version 12.00
# Visual Studio Version 16
VisualStudioVersion = 16.0.30907.101
MinimumVisualStudioVersion = 10.0.40219.1
Project("{9A19103F-16F7-4668-BE54-9A1E7A4F7556}") = "Clappon", "Clappon\Clappon.csproj", "{3BE1FE3B-CD7D-4B02-A21B-1CC21A6EE92B}"
EndProject
Project("{FAE04EC0-301F-11D3-BF4B-00C04F79EFBC}") = "UnitTestClappon", "UnitTestClappon\UnitTestClappon.csproj", "{537783FD-0519-4D37-864D-F44C4AD3AC77}"
EndProject
Global
	GlobalSection(SolutionConfigurationPlatforms) = preSolution
		Debug|Any CPU = Debug|Any CPU
		Release|Any CPU = Release|Any CPU
	EndGlobalSection
	GlobalSection(ProjectConfigurationPlatforms) = postSolution
		{3BE1FE3B-CD7D-4B02-A21B-1CC21A6EE92B}.Debug|Any CPU.ActiveCfg = Debug|Any CPU
		{3BE1FE3B-CD7D-4B02-A21B-1CC21A6EE92B}.Debug|Any CPU.Build.0 = Debug|Any CPU
		{3BE1FE3B-CD7D-4B02-A21B-1CC21A6EE92B}.Release|Any CPU.ActiveCfg = Release|Any CPU
		{3BE1FE3B-CD7D-4B02-A21B-1CC21A6EE92B}.Release|Any CPU.Build.0 = Release|Any CPU
		{537783FD-0519-4D37-864D-F44C4AD3AC77}.Debug|Any CPU.ActiveCfg = Debug|Any CPU
		{537783FD-0519-4D37-864D-F44C4AD3AC77}.Debug|Any CPU.Build.0 = Debug|Any CPU
		{537783FD-0519-4D37-864D-F44C4AD3AC77}.Release|Any CPU.ActiveCfg = Release|Any CPU
		{537783FD-0519-4D37-864D-F44C4AD3AC77}.Release|Any CPU.Build.0 = Release|Any CPU
	EndGlobalSection
	GlobalSection(SolutionProperties) = preSolution
		HideSolutionNode = FALSE
	EndGlobalSection
	GlobalSection(ExtensibilityGlobals) = postSolution
		SolutionGuid = {AEFC12F9-9084-433C-A95D-E48F1DDC3397}
	EndGlobalSection
EndGlobal
